PODS:
  - AFImageHelper (3.0.2)
  - Alamofire (3.2.1)
  - AsyncSwift (1.7.2)
  - Bolts (1.6.0):
    - Bolts/AppLinks (= 1.6.0)
    - Bolts/Tasks (= 1.6.0)
  - Bolts/AppLinks (1.6.0):
    - Bolts/Tasks
  - Bolts/Tasks (1.6.0)
  - FBSDKCoreKit (4.10.1):
    - Bolts (~> 1.5)
  - FBSDKLoginKit (4.10.1):
    - FBSDKCoreKit
  - Gloss (0.7.1)
  - HanekeSwift (0.10.1)
  - Koloda (2.0.10):
    - pop (~> 1.0)
  - pop (1.0.9)
  - PromiseKit/CorePromise (3.0.3)
  - RAMAnimatedTabBarController (1.2.2)
  - SnapKit (0.19.1)
  - Timberjack (0.0.2)
  - Timepiece (0.4.2)

DEPENDENCIES:
  - AFImageHelper (~> 3.0)
  - Alamofire (~> 3.1)
  - AsyncSwift (~> 1.6)
  - FBSDKCoreKit (~> 4.9)
  - FBSDKLoginKit (~> 4.9)
  - Gloss (~> 0.7)
  - HanekeSwift (~> 0.10)
  - Koloda (~> 2.0)
  - PromiseKit/CorePromise (~> 3.0)
  - RAMAnimatedTabBarController (~> 1.2.2)
  - SnapKit (~> 0.16)
  - Timberjack (~> 0.0)
  - Timepiece (~> 0.4)

SPEC CHECKSUMS:
  AFImageHelper: 77a89f76b410655928b757a36627a66c1eb67fc2
  Alamofire: f11d8624a05f5d39e0c99309b3e600a3ba64298a
  AsyncSwift: 46a78bceb11f0e5bb52747f740d9692ec78d2d7c
  Bolts: f52a250053bb517ca874523c3913776359ab3def
  FBSDKCoreKit: d2aaed5e9ab7d8d6301c533376a1fbff1cf3deb5
  FBSDKLoginKit: 699ff169080e3072de4b9b0faca90bf23dc36deb
  Gloss: e674d7aa06a7e292a591d0d39a759b826daf503e
  HanekeSwift: 08e47d3d0f2899ec58e5d257beba0de619aca9e8
  Koloda: 10f747feeff5e425061f78e5ce17208783e34a99
  pop: f667631a5108a2e60d9e8797c9b32ddaf2080bce
  PromiseKit: 00ec2a219bf5ad2833f95977698e921932b8dfd3
  RAMAnimatedTabBarController: cadbef3162bc7ae86091661273ccec503deb3398
  SnapKit: eff58d6e3451bf2f482db2eccf86aecf371dc62d
  Timberjack: 4181fb4fa5c0c02a0855deb5aa1ade6043db7b42
  Timepiece: cf53bb908bf542acc0e3d5f69cabfed869df4ebd

COCOAPODS: 0.39.0
