// !$*UTF8*$!
{
	archiveVersion = 1;
	classes = {
	};
	objectVersion = 46;
	objects = {

/* Begin PBXBuildFile section */
		8E12B2E61C9C77A700CD574F /* ColorsGen.swift in Sources */ = {isa = PBXBuildFile; fileRef = 8E12B2E21C9C77A700CD574F /* ColorsGen.swift */; };
		8E12B2E71C9C77A700CD574F /* ImagesGen.swift in Sources */ = {isa = PBXBuildFile; fileRef = 8E12B2E31C9C77A700CD574F /* ImagesGen.swift */; };
		8E12B2E81C9C77A700CD574F /* StoryboardsGen.swift in Sources */ = {isa = PBXBuildFile; fileRef = 8E12B2E41C9C77A700CD574F /* StoryboardsGen.swift */; };
		8E12B2E91C9C77A700CD574F /* StringsGen.swift in Sources */ = {isa = PBXBuildFile; fileRef = 8E12B2E51C9C77A700CD574F /* StringsGen.swift */; };
		8E31670E1C9C7A35001A20E6 /* LoginViewController.swift in Sources */ = {isa = PBXBuildFile; fileRef = 8E31670D1C9C7A35001A20E6 /* LoginViewController.swift */; };
		8E3167101C9C7A60001A20E6 /* LoginNavigationController.swift in Sources */ = {isa = PBXBuildFile; fileRef = 8E31670F1C9C7A60001A20E6 /* LoginNavigationController.swift */; };
		8E3167121C9C7A6E001A20E6 /* Login.storyboard in Resources */ = {isa = PBXBuildFile; fileRef = 8E3167111C9C7A6E001A20E6 /* Login.storyboard */; };
		8E3167141C9C7B78001A20E6 /* UserModel.swift in Sources */ = {isa = PBXBuildFile; fileRef = 8E3167131C9C7B78001A20E6 /* UserModel.swift */; };
		8E3167161C9C7B89001A20E6 /* UserViewModel.swift in Sources */ = {isa = PBXBuildFile; fileRef = 8E3167151C9C7B89001A20E6 /* UserViewModel.swift */; };
		8E3167191C9C7C29001A20E6 /* NetworkHelper.swift in Sources */ = {isa = PBXBuildFile; fileRef = 8E3167181C9C7C29001A20E6 /* NetworkHelper.swift */; };
		8E31671B1C9C7D21001A20E6 /* Constans.swift in Sources */ = {isa = PBXBuildFile; fileRef = 8E31671A1C9C7D21001A20E6 /* Constans.swift */; };
		8E31671E1C9C83A6001A20E6 /* Localizable.strings in Resources */ = {isa = PBXBuildFile; fileRef = 8E31671C1C9C83A6001A20E6 /* Localizable.strings */; };
		8E3167201C9C8D55001A20E6 /* colors.txt in Resources */ = {isa = PBXBuildFile; fileRef = 8E31671F1C9C8D55001A20E6 /* colors.txt */; };
		8E3167221C9C9568001A20E6 /* BookModel.swift in Sources */ = {isa = PBXBuildFile; fileRef = 8E3167211C9C9568001A20E6 /* BookModel.swift */; };
		8E3167241C9C96A1001A20E6 /* AuthorModel.swift in Sources */ = {isa = PBXBuildFile; fileRef = 8E3167231C9C96A1001A20E6 /* AuthorModel.swift */; };
		8E3167261C9C972F001A20E6 /* BookViewModel.swift in Sources */ = {isa = PBXBuildFile; fileRef = 8E3167251C9C972F001A20E6 /* BookViewModel.swift */; };
		8E3167281C9C9C4D001A20E6 /* ErrorHelper.swift in Sources */ = {isa = PBXBuildFile; fileRef = 8E3167271C9C9C4D001A20E6 /* ErrorHelper.swift */; };
		8E31672C1C9CA9E4001A20E6 /* BookCollectionViewCell.swift in Sources */ = {isa = PBXBuildFile; fileRef = 8E31672A1C9CA9E4001A20E6 /* BookCollectionViewCell.swift */; };
		8E31672D1C9CA9E4001A20E6 /* BookCollectionViewCell.xib in Resources */ = {isa = PBXBuildFile; fileRef = 8E31672B1C9CA9E4001A20E6 /* BookCollectionViewCell.xib */; };
		8E3167301C9CAA23001A20E6 /* UIView+Identifier.swift in Sources */ = {isa = PBXBuildFile; fileRef = 8E31672F1C9CAA23001A20E6 /* UIView+Identifier.swift */; };
		8E9860091C9CC83700E9B4F4 /* GradientView.swift in Sources */ = {isa = PBXBuildFile; fileRef = 8E9860081C9CC83700E9B4F4 /* GradientView.swift */; };
		8EDC2E4B1C9CD12E009E643B /* AddBookNavigationController.swift in Sources */ = {isa = PBXBuildFile; fileRef = 8EDC2E4A1C9CD12E009E643B /* AddBookNavigationController.swift */; };
		8EDC2E4D1C9CD14E009E643B /* AddBookViewController.swift in Sources */ = {isa = PBXBuildFile; fileRef = 8EDC2E4C1C9CD14E009E643B /* AddBookViewController.swift */; };
		8EDC2E4F1C9CE3C0009E643B /* MatchModel.swift in Sources */ = {isa = PBXBuildFile; fileRef = 8EDC2E4E1C9CE3C0009E643B /* MatchModel.swift */; };
		8EDC2E511C9CE476009E643B /* MatchViewModel.swift in Sources */ = {isa = PBXBuildFile; fileRef = 8EDC2E501C9CE476009E643B /* MatchViewModel.swift */; };
		8EECF43D1C9C6A3E00D93C62 /* AppDelegate.swift in Sources */ = {isa = PBXBuildFile; fileRef = 8EECF43C1C9C6A3E00D93C62 /* AppDelegate.swift */; };
		8EECF4421C9C6A3F00D93C62 /* Main.storyboard in Resources */ = {isa = PBXBuildFile; fileRef = 8EECF4401C9C6A3F00D93C62 /* Main.storyboard */; };
		8EECF4441C9C6A3F00D93C62 /* Assets.xcassets in Resources */ = {isa = PBXBuildFile; fileRef = 8EECF4431C9C6A3F00D93C62 /* Assets.xcassets */; };
		8EECF4471C9C6A3F00D93C62 /* LaunchScreen.storyboard in Resources */ = {isa = PBXBuildFile; fileRef = 8EECF4451C9C6A3F00D93C62 /* LaunchScreen.storyboard */; };
		BD75C5DAF692EAF20E00C364 /* Pods.framework in Frameworks */ = {isa = PBXBuildFile; fileRef = 7195B6BA5C3AA6D17759362E /* Pods.framework */; };
		E25DE68A1C9C718400EEDCD4 /* MainTabBarViewController.swift in Sources */ = {isa = PBXBuildFile; fileRef = E25DE6891C9C718400EEDCD4 /* MainTabBarViewController.swift */; };
		E25DE68D1C9C72F600EEDCD4 /* BSNavigationController.swift in Sources */ = {isa = PBXBuildFile; fileRef = E25DE68C1C9C72F600EEDCD4 /* BSNavigationController.swift */; };
		E25DE68F1C9C730500EEDCD4 /* BSViewController.swift in Sources */ = {isa = PBXBuildFile; fileRef = E25DE68E1C9C730500EEDCD4 /* BSViewController.swift */; };
		E25DE6911C9C732C00EEDCD4 /* MyBooksViewController.swift in Sources */ = {isa = PBXBuildFile; fileRef = E25DE6901C9C732C00EEDCD4 /* MyBooksViewController.swift */; };
		E25DE6931C9C734C00EEDCD4 /* MyBooksNavigationController.swift in Sources */ = {isa = PBXBuildFile; fileRef = E25DE6921C9C734C00EEDCD4 /* MyBooksNavigationController.swift */; };
		E25DE6951C9C735900EEDCD4 /* MyBooks.storyboard in Resources */ = {isa = PBXBuildFile; fileRef = E25DE6941C9C735900EEDCD4 /* MyBooks.storyboard */; };
		E25DE6981C9C73B100EEDCD4 /* WantedNavigationController.swift in Sources */ = {isa = PBXBuildFile; fileRef = E25DE6971C9C73B100EEDCD4 /* WantedNavigationController.swift */; };
		E25DE69A1C9C73C100EEDCD4 /* WantedViewController.swift in Sources */ = {isa = PBXBuildFile; fileRef = E25DE6991C9C73C100EEDCD4 /* WantedViewController.swift */; };
		E25DE69C1C9C73CC00EEDCD4 /* Wanted.storyboard in Resources */ = {isa = PBXBuildFile; fileRef = E25DE69B1C9C73CC00EEDCD4 /* Wanted.storyboard */; };
		E25DE6A11C9C748700EEDCD4 /* Swap.storyboard in Resources */ = {isa = PBXBuildFile; fileRef = E25DE6A01C9C748700EEDCD4 /* Swap.storyboard */; };
		E25DE6A31C9C749400EEDCD4 /* SwapViewController.swift in Sources */ = {isa = PBXBuildFile; fileRef = E25DE6A21C9C749400EEDCD4 /* SwapViewController.swift */; };
		E25DE6A51C9C74A600EEDCD4 /* SwapNavigationController.swift in Sources */ = {isa = PBXBuildFile; fileRef = E25DE6A41C9C74A600EEDCD4 /* SwapNavigationController.swift */; };
		E25DE6A91C9C751700EEDCD4 /* MatchNavigationController.swift in Sources */ = {isa = PBXBuildFile; fileRef = E25DE6A81C9C751700EEDCD4 /* MatchNavigationController.swift */; };
		E25DE6AB1C9C752300EEDCD4 /* MatchViewController.swift in Sources */ = {isa = PBXBuildFile; fileRef = E25DE6AA1C9C752300EEDCD4 /* MatchViewController.swift */; };
		E25DE6AD1C9C752A00EEDCD4 /* Match.storyboard in Resources */ = {isa = PBXBuildFile; fileRef = E25DE6AC1C9C752A00EEDCD4 /* Match.storyboard */; };
		E25DE6B01C9C755100EEDCD4 /* Profile.storyboard in Resources */ = {isa = PBXBuildFile; fileRef = E25DE6AF1C9C755100EEDCD4 /* Profile.storyboard */; };
		E25DE6B21C9C755C00EEDCD4 /* ProfileViewController.swift in Sources */ = {isa = PBXBuildFile; fileRef = E25DE6B11C9C755C00EEDCD4 /* ProfileViewController.swift */; };
		E25DE6B41C9C756A00EEDCD4 /* ProfileNavigationController.swift in Sources */ = {isa = PBXBuildFile; fileRef = E25DE6B31C9C756A00EEDCD4 /* ProfileNavigationController.swift */; };
		E25DE6B61C9C854100EEDCD4 /* BookKolodaView.swift in Sources */ = {isa = PBXBuildFile; fileRef = E25DE6B51C9C854100EEDCD4 /* BookKolodaView.swift */; };
		E25DE6B91C9C8ABE00EEDCD4 /* BookOverlayView.swift in Sources */ = {isa = PBXBuildFile; fileRef = E25DE6B81C9C8ABE00EEDCD4 /* BookOverlayView.swift */; };
		E25DE6BB1C9C8AE300EEDCD4 /* BookOverlayView.xib in Resources */ = {isa = PBXBuildFile; fileRef = E25DE6BA1C9C8AE300EEDCD4 /* BookOverlayView.xib */; };
		E25DE6BE1C9C8E6700EEDCD4 /* BookTinderTabView.swift in Sources */ = {isa = PBXBuildFile; fileRef = E25DE6BD1C9C8E6700EEDCD4 /* BookTinderTabView.swift */; };
		E25DE6C01C9C8E7700EEDCD4 /* BookTinderTabView.xib in Resources */ = {isa = PBXBuildFile; fileRef = E25DE6BF1C9C8E7700EEDCD4 /* BookTinderTabView.xib */; };
		E25DE6C21C9CA7FF00EEDCD4 /* Appearance.swift in Sources */ = {isa = PBXBuildFile; fileRef = E25DE6C11C9CA7FF00EEDCD4 /* Appearance.swift */; };
		E25DE6C41C9CD6CA00EEDCD4 /* String+Double.swift in Sources */ = {isa = PBXBuildFile; fileRef = E25DE6C31C9CD6CA00EEDCD4 /* String+Double.swift */; };
/* End PBXBuildFile section */

/* Begin PBXFileReference section */
		4268AC4CAAEAF45DC45AD420 /* Pods.debug.xcconfig */ = {isa = PBXFileReference; includeInIndex = 1; lastKnownFileType = text.xcconfig; name = Pods.debug.xcconfig; path = "Pods/Target Support Files/Pods/Pods.debug.xcconfig"; sourceTree = "<group>"; };
		47FBB4FDF9DED4F49251A6B9 /* Pods.release.xcconfig */ = {isa = PBXFileReference; includeInIndex = 1; lastKnownFileType = text.xcconfig; name = Pods.release.xcconfig; path = "Pods/Target Support Files/Pods/Pods.release.xcconfig"; sourceTree = "<group>"; };
		7195B6BA5C3AA6D17759362E /* Pods.framework */ = {isa = PBXFileReference; explicitFileType = wrapper.framework; includeInIndex = 0; path = Pods.framework; sourceTree = BUILT_PRODUCTS_DIR; };
		8E12B2E21C9C77A700CD574F /* ColorsGen.swift */ = {isa = PBXFileReference; fileEncoding = 4; lastKnownFileType = sourcecode.swift; path = ColorsGen.swift; sourceTree = "<group>"; };
		8E12B2E31C9C77A700CD574F /* ImagesGen.swift */ = {isa = PBXFileReference; fileEncoding = 4; lastKnownFileType = sourcecode.swift; path = ImagesGen.swift; sourceTree = "<group>"; };
		8E12B2E41C9C77A700CD574F /* StoryboardsGen.swift */ = {isa = PBXFileReference; fileEncoding = 4; lastKnownFileType = sourcecode.swift; path = StoryboardsGen.swift; sourceTree = "<group>"; };
		8E12B2E51C9C77A700CD574F /* StringsGen.swift */ = {isa = PBXFileReference; fileEncoding = 4; lastKnownFileType = sourcecode.swift; path = StringsGen.swift; sourceTree = "<group>"; };
		8E31670D1C9C7A35001A20E6 /* LoginViewController.swift */ = {isa = PBXFileReference; fileEncoding = 4; lastKnownFileType = sourcecode.swift; path = LoginViewController.swift; sourceTree = "<group>"; };
		8E31670F1C9C7A60001A20E6 /* LoginNavigationController.swift */ = {isa = PBXFileReference; fileEncoding = 4; lastKnownFileType = sourcecode.swift; path = LoginNavigationController.swift; sourceTree = "<group>"; };
		8E3167111C9C7A6E001A20E6 /* Login.storyboard */ = {isa = PBXFileReference; fileEncoding = 4; lastKnownFileType = file.storyboard; path = Login.storyboard; sourceTree = "<group>"; };
		8E3167131C9C7B78001A20E6 /* UserModel.swift */ = {isa = PBXFileReference; fileEncoding = 4; lastKnownFileType = sourcecode.swift; path = UserModel.swift; sourceTree = "<group>"; };
		8E3167151C9C7B89001A20E6 /* UserViewModel.swift */ = {isa = PBXFileReference; fileEncoding = 4; lastKnownFileType = sourcecode.swift; path = UserViewModel.swift; sourceTree = "<group>"; };
		8E3167181C9C7C29001A20E6 /* NetworkHelper.swift */ = {isa = PBXFileReference; fileEncoding = 4; lastKnownFileType = sourcecode.swift; path = NetworkHelper.swift; sourceTree = "<group>"; };
		8E31671A1C9C7D21001A20E6 /* Constans.swift */ = {isa = PBXFileReference; fileEncoding = 4; lastKnownFileType = sourcecode.swift; path = Constans.swift; sourceTree = "<group>"; };
		8E31671D1C9C83A6001A20E6 /* Base */ = {isa = PBXFileReference; lastKnownFileType = text.plist.strings; name = Base; path = Base.lproj/Localizable.strings; sourceTree = "<group>"; };
		8E31671F1C9C8D55001A20E6 /* colors.txt */ = {isa = PBXFileReference; fileEncoding = 4; lastKnownFileType = text; path = colors.txt; sourceTree = SOURCE_ROOT; };
		8E3167211C9C9568001A20E6 /* BookModel.swift */ = {isa = PBXFileReference; fileEncoding = 4; lastKnownFileType = sourcecode.swift; path = BookModel.swift; sourceTree = "<group>"; };
		8E3167231C9C96A1001A20E6 /* AuthorModel.swift */ = {isa = PBXFileReference; fileEncoding = 4; lastKnownFileType = sourcecode.swift; path = AuthorModel.swift; sourceTree = "<group>"; };
		8E3167251C9C972F001A20E6 /* BookViewModel.swift */ = {isa = PBXFileReference; fileEncoding = 4; lastKnownFileType = sourcecode.swift; path = BookViewModel.swift; sourceTree = "<group>"; };
		8E3167271C9C9C4D001A20E6 /* ErrorHelper.swift */ = {isa = PBXFileReference; fileEncoding = 4; lastKnownFileType = sourcecode.swift; path = ErrorHelper.swift; sourceTree = "<group>"; };
		8E31672A1C9CA9E4001A20E6 /* BookCollectionViewCell.swift */ = {isa = PBXFileReference; fileEncoding = 4; lastKnownFileType = sourcecode.swift; path = BookCollectionViewCell.swift; sourceTree = "<group>"; };
		8E31672B1C9CA9E4001A20E6 /* BookCollectionViewCell.xib */ = {isa = PBXFileReference; fileEncoding = 4; lastKnownFileType = file.xib; path = BookCollectionViewCell.xib; sourceTree = "<group>"; };
		8E31672F1C9CAA23001A20E6 /* UIView+Identifier.swift */ = {isa = PBXFileReference; fileEncoding = 4; lastKnownFileType = sourcecode.swift; path = "UIView+Identifier.swift"; sourceTree = "<group>"; };
		8E9860081C9CC83700E9B4F4 /* GradientView.swift */ = {isa = PBXFileReference; fileEncoding = 4; lastKnownFileType = sourcecode.swift; path = GradientView.swift; sourceTree = "<group>"; };
		8EDC2E4A1C9CD12E009E643B /* AddBookNavigationController.swift */ = {isa = PBXFileReference; fileEncoding = 4; lastKnownFileType = sourcecode.swift; path = AddBookNavigationController.swift; sourceTree = "<group>"; };
		8EDC2E4C1C9CD14E009E643B /* AddBookViewController.swift */ = {isa = PBXFileReference; fileEncoding = 4; lastKnownFileType = sourcecode.swift; path = AddBookViewController.swift; sourceTree = "<group>"; };
		8EDC2E4E1C9CE3C0009E643B /* MatchModel.swift */ = {isa = PBXFileReference; fileEncoding = 4; lastKnownFileType = sourcecode.swift; path = MatchModel.swift; sourceTree = "<group>"; };
		8EDC2E501C9CE476009E643B /* MatchViewModel.swift */ = {isa = PBXFileReference; fileEncoding = 4; lastKnownFileType = sourcecode.swift; path = MatchViewModel.swift; sourceTree = "<group>"; };
		8EECF4391C9C6A3E00D93C62 /* Book Swap.app */ = {isa = PBXFileReference; explicitFileType = wrapper.application; includeInIndex = 0; path = "Book Swap.app"; sourceTree = BUILT_PRODUCTS_DIR; };
		8EECF43C1C9C6A3E00D93C62 /* AppDelegate.swift */ = {isa = PBXFileReference; lastKnownFileType = sourcecode.swift; path = AppDelegate.swift; sourceTree = "<group>"; };
		8EECF4411C9C6A3F00D93C62 /* Base */ = {isa = PBXFileReference; lastKnownFileType = file.storyboard; name = Base; path = Base.lproj/Main.storyboard; sourceTree = "<group>"; };
		8EECF4431C9C6A3F00D93C62 /* Assets.xcassets */ = {isa = PBXFileReference; lastKnownFileType = folder.assetcatalog; path = Assets.xcassets; sourceTree = "<group>"; };
		8EECF4461C9C6A3F00D93C62 /* Base */ = {isa = PBXFileReference; lastKnownFileType = file.storyboard; name = Base; path = Base.lproj/LaunchScreen.storyboard; sourceTree = "<group>"; };
		8EECF4481C9C6A3F00D93C62 /* Info.plist */ = {isa = PBXFileReference; lastKnownFileType = text.plist.xml; path = Info.plist; sourceTree = "<group>"; };
		E25DE6891C9C718400EEDCD4 /* MainTabBarViewController.swift */ = {isa = PBXFileReference; fileEncoding = 4; lastKnownFileType = sourcecode.swift; path = MainTabBarViewController.swift; sourceTree = "<group>"; };
		E25DE68C1C9C72F600EEDCD4 /* BSNavigationController.swift */ = {isa = PBXFileReference; fileEncoding = 4; lastKnownFileType = sourcecode.swift; path = BSNavigationController.swift; sourceTree = "<group>"; };
		E25DE68E1C9C730500EEDCD4 /* BSViewController.swift */ = {isa = PBXFileReference; fileEncoding = 4; lastKnownFileType = sourcecode.swift; path = BSViewController.swift; sourceTree = "<group>"; };
		E25DE6901C9C732C00EEDCD4 /* MyBooksViewController.swift */ = {isa = PBXFileReference; fileEncoding = 4; lastKnownFileType = sourcecode.swift; path = MyBooksViewController.swift; sourceTree = "<group>"; };
		E25DE6921C9C734C00EEDCD4 /* MyBooksNavigationController.swift */ = {isa = PBXFileReference; fileEncoding = 4; lastKnownFileType = sourcecode.swift; path = MyBooksNavigationController.swift; sourceTree = "<group>"; };
		E25DE6941C9C735900EEDCD4 /* MyBooks.storyboard */ = {isa = PBXFileReference; fileEncoding = 4; lastKnownFileType = file.storyboard; path = MyBooks.storyboard; sourceTree = "<group>"; };
		E25DE6971C9C73B100EEDCD4 /* WantedNavigationController.swift */ = {isa = PBXFileReference; fileEncoding = 4; lastKnownFileType = sourcecode.swift; path = WantedNavigationController.swift; sourceTree = "<group>"; };
		E25DE6991C9C73C100EEDCD4 /* WantedViewController.swift */ = {isa = PBXFileReference; fileEncoding = 4; lastKnownFileType = sourcecode.swift; path = WantedViewController.swift; sourceTree = "<group>"; };
		E25DE69B1C9C73CC00EEDCD4 /* Wanted.storyboard */ = {isa = PBXFileReference; fileEncoding = 4; lastKnownFileType = file.storyboard; path = Wanted.storyboard; sourceTree = "<group>"; };
		E25DE6A01C9C748700EEDCD4 /* Swap.storyboard */ = {isa = PBXFileReference; fileEncoding = 4; lastKnownFileType = file.storyboard; path = Swap.storyboard; sourceTree = "<group>"; };
		E25DE6A21C9C749400EEDCD4 /* SwapViewController.swift */ = {isa = PBXFileReference; fileEncoding = 4; lastKnownFileType = sourcecode.swift; path = SwapViewController.swift; sourceTree = "<group>"; };
		E25DE6A41C9C74A600EEDCD4 /* SwapNavigationController.swift */ = {isa = PBXFileReference; fileEncoding = 4; lastKnownFileType = sourcecode.swift; path = SwapNavigationController.swift; sourceTree = "<group>"; };
		E25DE6A81C9C751700EEDCD4 /* MatchNavigationController.swift */ = {isa = PBXFileReference; fileEncoding = 4; lastKnownFileType = sourcecode.swift; path = MatchNavigationController.swift; sourceTree = "<group>"; };
		E25DE6AA1C9C752300EEDCD4 /* MatchViewController.swift */ = {isa = PBXFileReference; fileEncoding = 4; lastKnownFileType = sourcecode.swift; path = MatchViewController.swift; sourceTree = "<group>"; };
		E25DE6AC1C9C752A00EEDCD4 /* Match.storyboard */ = {isa = PBXFileReference; fileEncoding = 4; lastKnownFileType = file.storyboard; path = Match.storyboard; sourceTree = "<group>"; };
		E25DE6AF1C9C755100EEDCD4 /* Profile.storyboard */ = {isa = PBXFileReference; fileEncoding = 4; lastKnownFileType = file.storyboard; path = Profile.storyboard; sourceTree = "<group>"; };
		E25DE6B11C9C755C00EEDCD4 /* ProfileViewController.swift */ = {isa = PBXFileReference; fileEncoding = 4; lastKnownFileType = sourcecode.swift; path = ProfileViewController.swift; sourceTree = "<group>"; };
		E25DE6B31C9C756A00EEDCD4 /* ProfileNavigationController.swift */ = {isa = PBXFileReference; fileEncoding = 4; lastKnownFileType = sourcecode.swift; path = ProfileNavigationController.swift; sourceTree = "<group>"; };
		E25DE6B51C9C854100EEDCD4 /* BookKolodaView.swift */ = {isa = PBXFileReference; fileEncoding = 4; lastKnownFileType = sourcecode.swift; path = BookKolodaView.swift; sourceTree = "<group>"; };
		E25DE6B81C9C8ABE00EEDCD4 /* BookOverlayView.swift */ = {isa = PBXFileReference; fileEncoding = 4; lastKnownFileType = sourcecode.swift; path = BookOverlayView.swift; sourceTree = "<group>"; };
		E25DE6BA1C9C8AE300EEDCD4 /* BookOverlayView.xib */ = {isa = PBXFileReference; fileEncoding = 4; lastKnownFileType = file.xib; path = BookOverlayView.xib; sourceTree = "<group>"; };
		E25DE6BD1C9C8E6700EEDCD4 /* BookTinderTabView.swift */ = {isa = PBXFileReference; fileEncoding = 4; lastKnownFileType = sourcecode.swift; path = BookTinderTabView.swift; sourceTree = "<group>"; };
		E25DE6BF1C9C8E7700EEDCD4 /* BookTinderTabView.xib */ = {isa = PBXFileReference; fileEncoding = 4; lastKnownFileType = file.xib; path = BookTinderTabView.xib; sourceTree = "<group>"; };
		E25DE6C11C9CA7FF00EEDCD4 /* Appearance.swift */ = {isa = PBXFileReference; fileEncoding = 4; lastKnownFileType = sourcecode.swift; path = Appearance.swift; sourceTree = "<group>"; };
		E25DE6C31C9CD6CA00EEDCD4 /* String+Double.swift */ = {isa = PBXFileReference; fileEncoding = 4; lastKnownFileType = sourcecode.swift; path = "String+Double.swift"; sourceTree = "<group>"; };
/* End PBXFileReference section */

/* Begin PBXFrameworksBuildPhase section */
		8EECF4361C9C6A3E00D93C62 /* Frameworks */ = {
			isa = PBXFrameworksBuildPhase;
			buildActionMask = 2147483647;
			files = (
				BD75C5DAF692EAF20E00C364 /* Pods.framework in Frameworks */,
			);
			runOnlyForDeploymentPostprocessing = 0;
		};
/* End PBXFrameworksBuildPhase section */

/* Begin PBXGroup section */
		1FD22610EBD32060F4EC492F /* Pods */ = {
			isa = PBXGroup;
			children = (
				4268AC4CAAEAF45DC45AD420 /* Pods.debug.xcconfig */,
				47FBB4FDF9DED4F49251A6B9 /* Pods.release.xcconfig */,
			);
			name = Pods;
			sourceTree = "<group>";
		};
		4B261D00C1382CDEAF4C2657 /* Frameworks */ = {
			isa = PBXGroup;
			children = (
				7195B6BA5C3AA6D17759362E /* Pods.framework */,
			);
			name = Frameworks;
			sourceTree = "<group>";
		};
		8E12B2DE1C9C701F00CD574F /* Model */ = {
			isa = PBXGroup;
			children = (
				8E3167131C9C7B78001A20E6 /* UserModel.swift */,
				8E3167211C9C9568001A20E6 /* BookModel.swift */,
				8E3167231C9C96A1001A20E6 /* AuthorModel.swift */,
				8EDC2E4E1C9CE3C0009E643B /* MatchModel.swift */,
			);
			name = Model;
			sourceTree = "<group>";
		};
		8E12B2DF1C9C702600CD574F /* ViewModel */ = {
			isa = PBXGroup;
			children = (
				8E3167151C9C7B89001A20E6 /* UserViewModel.swift */,
				8E3167251C9C972F001A20E6 /* BookViewModel.swift */,
				8EDC2E501C9CE476009E643B /* MatchViewModel.swift */,
			);
			name = ViewModel;
			sourceTree = "<group>";
		};
		8E12B2E01C9C706900CD574F /* View and Cantrollers */ = {
			isa = PBXGroup;
			children = (
				8E3167311C9CAEEE001A20E6 /* Views */,
				8EECF4401C9C6A3F00D93C62 /* Main.storyboard */,
				E25DE68C1C9C72F600EEDCD4 /* BSNavigationController.swift */,
				E25DE68E1C9C730500EEDCD4 /* BSViewController.swift */,
				E25DE6891C9C718400EEDCD4 /* MainTabBarViewController.swift */,
				E25DE68B1C9C729900EEDCD4 /* MyBooks */,
				E25DE6961C9C737F00EEDCD4 /* Wanted */,
				E25DE69D1C9C743A00EEDCD4 /* Swap */,
				E25DE6A71C9C74DD00EEDCD4 /* Match */,
				E25DE6AE1C9C754000EEDCD4 /* Profile */,
				8E31670C1C9C7A06001A20E6 /* Login */,
			);
			name = "View and Cantrollers";
			sourceTree = "<group>";
		};
		8E12B2E11C9C70AB00CD574F /* Resources */ = {
			isa = PBXGroup;
			children = (
				8E31671F1C9C8D55001A20E6 /* colors.txt */,
				8E31671C1C9C83A6001A20E6 /* Localizable.strings */,
				8E12B2E21C9C77A700CD574F /* ColorsGen.swift */,
				8E12B2E31C9C77A700CD574F /* ImagesGen.swift */,
				8E12B2E41C9C77A700CD574F /* StoryboardsGen.swift */,
				8E12B2E51C9C77A700CD574F /* StringsGen.swift */,
				8EECF4431C9C6A3F00D93C62 /* Assets.xcassets */,
				8EECF4451C9C6A3F00D93C62 /* LaunchScreen.storyboard */,
				8EECF4481C9C6A3F00D93C62 /* Info.plist */,
			);
			name = Resources;
			sourceTree = "<group>";
		};
		8E31670C1C9C7A06001A20E6 /* Login */ = {
			isa = PBXGroup;
			children = (
				8E3167111C9C7A6E001A20E6 /* Login.storyboard */,
				8E31670F1C9C7A60001A20E6 /* LoginNavigationController.swift */,
				8E31670D1C9C7A35001A20E6 /* LoginViewController.swift */,
			);
			name = Login;
			sourceTree = "<group>";
		};
		8E3167171C9C7C13001A20E6 /* Helpers */ = {
			isa = PBXGroup;
			children = (
				8E3167181C9C7C29001A20E6 /* NetworkHelper.swift */,
				8E3167271C9C9C4D001A20E6 /* ErrorHelper.swift */,
			);
			name = Helpers;
			sourceTree = "<group>";
		};
		8E3167291C9CA7B2001A20E6 /* Cells */ = {
			isa = PBXGroup;
			children = (
				8E31672A1C9CA9E4001A20E6 /* BookCollectionViewCell.swift */,
				8E31672B1C9CA9E4001A20E6 /* BookCollectionViewCell.xib */,
			);
			name = Cells;
			sourceTree = "<group>";
		};
		8E31672E1C9CAA08001A20E6 /* Extensions */ = {
			isa = PBXGroup;
			children = (
				8E31672F1C9CAA23001A20E6 /* UIView+Identifier.swift */,
				E25DE6C31C9CD6CA00EEDCD4 /* String+Double.swift */,
			);
			name = Extensions;
			sourceTree = "<group>";
		};
		8E3167311C9CAEEE001A20E6 /* Views */ = {
			isa = PBXGroup;
			children = (
				8E9860081C9CC83700E9B4F4 /* GradientView.swift */,
			);
			name = Views;
			sourceTree = "<group>";
		};
		8EECF4301C9C6A3E00D93C62 = {
			isa = PBXGroup;
			children = (
				8EECF43B1C9C6A3E00D93C62 /* Book Swap */,
				8EECF43A1C9C6A3E00D93C62 /* Products */,
				1FD22610EBD32060F4EC492F /* Pods */,
				4B261D00C1382CDEAF4C2657 /* Frameworks */,
			);
			sourceTree = "<group>";
		};
		8EECF43A1C9C6A3E00D93C62 /* Products */ = {
			isa = PBXGroup;
			children = (
				8EECF4391C9C6A3E00D93C62 /* Book Swap.app */,
			);
			name = Products;
			sourceTree = "<group>";
		};
		8EECF43B1C9C6A3E00D93C62 /* Book Swap */ = {
			isa = PBXGroup;
			children = (
				8E31671A1C9C7D21001A20E6 /* Constans.swift */,
				8EECF43C1C9C6A3E00D93C62 /* AppDelegate.swift */,
				E25DE6C11C9CA7FF00EEDCD4 /* Appearance.swift */,
				8E12B2E01C9C706900CD574F /* View and Cantrollers */,
				8E12B2DF1C9C702600CD574F /* ViewModel */,
				8E12B2DE1C9C701F00CD574F /* Model */,
				8E3167171C9C7C13001A20E6 /* Helpers */,
				8E31672E1C9CAA08001A20E6 /* Extensions */,
				8E12B2E11C9C70AB00CD574F /* Resources */,
			);
			path = "Book Swap";
			sourceTree = "<group>";
		};
		E25DE68B1C9C729900EEDCD4 /* MyBooks */ = {
			isa = PBXGroup;
			children = (
				8E3167291C9CA7B2001A20E6 /* Cells */,
				E25DE6941C9C735900EEDCD4 /* MyBooks.storyboard */,
				E25DE6921C9C734C00EEDCD4 /* MyBooksNavigationController.swift */,
				E25DE6901C9C732C00EEDCD4 /* MyBooksViewController.swift */,
				8EDC2E4A1C9CD12E009E643B /* AddBookNavigationController.swift */,
				8EDC2E4C1C9CD14E009E643B /* AddBookViewController.swift */,
			);
			name = MyBooks;
			sourceTree = "<group>";
		};
		E25DE6961C9C737F00EEDCD4 /* Wanted */ = {
			isa = PBXGroup;
			children = (
				E25DE69B1C9C73CC00EEDCD4 /* Wanted.storyboard */,
				E25DE6971C9C73B100EEDCD4 /* WantedNavigationController.swift */,
				E25DE6991C9C73C100EEDCD4 /* WantedViewController.swift */,
			);
			name = Wanted;
			sourceTree = "<group>";
		};
		E25DE69D1C9C743A00EEDCD4 /* Swap */ = {
			isa = PBXGroup;
			children = (
				E25DE6A41C9C74A600EEDCD4 /* SwapNavigationController.swift */,
				E25DE6A21C9C749400EEDCD4 /* SwapViewController.swift */,
				E25DE6A01C9C748700EEDCD4 /* Swap.storyboard */,
				E25DE6B71C9C8A9300EEDCD4 /* Koloda */,
			);
			name = Swap;
			sourceTree = "<group>";
		};
		E25DE6A71C9C74DD00EEDCD4 /* Match */ = {
			isa = PBXGroup;
			children = (
				E25DE6A81C9C751700EEDCD4 /* MatchNavigationController.swift */,
				E25DE6AA1C9C752300EEDCD4 /* MatchViewController.swift */,
				E25DE6AC1C9C752A00EEDCD4 /* Match.storyboard */,
			);
			name = Match;
			sourceTree = "<group>";
		};
		E25DE6AE1C9C754000EEDCD4 /* Profile */ = {
			isa = PBXGroup;
			children = (
				E25DE6AF1C9C755100EEDCD4 /* Profile.storyboard */,
				E25DE6B31C9C756A00EEDCD4 /* ProfileNavigationController.swift */,
				E25DE6B11C9C755C00EEDCD4 /* ProfileViewController.swift */,
			);
			name = Profile;
			sourceTree = "<group>";
		};
		E25DE6B71C9C8A9300EEDCD4 /* Koloda */ = {
			isa = PBXGroup;
			children = (
				E25DE6BC1C9C8E5100EEDCD4 /* CustomTab */,
				E25DE6B51C9C854100EEDCD4 /* BookKolodaView.swift */,
				E25DE6B81C9C8ABE00EEDCD4 /* BookOverlayView.swift */,
				E25DE6BA1C9C8AE300EEDCD4 /* BookOverlayView.xib */,
			);
			name = Koloda;
			sourceTree = "<group>";
		};
		E25DE6BC1C9C8E5100EEDCD4 /* CustomTab */ = {
			isa = PBXGroup;
			children = (
				E25DE6BD1C9C8E6700EEDCD4 /* BookTinderTabView.swift */,
				E25DE6BF1C9C8E7700EEDCD4 /* BookTinderTabView.xib */,
			);
			name = CustomTab;
			sourceTree = "<group>";
		};
/* End PBXGroup section */

/* Begin PBXNativeTarget section */
		8EECF4381C9C6A3E00D93C62 /* Book Swap */ = {
			isa = PBXNativeTarget;
			buildConfigurationList = 8EECF44B1C9C6A3F00D93C62 /* Build configuration list for PBXNativeTarget "Book Swap" */;
			buildPhases = (
				84A4C345DB2A813F3D8A9D56 /* Check Pods Manifest.lock */,
				8EECF4351C9C6A3E00D93C62 /* Sources */,
				8EECF4361C9C6A3E00D93C62 /* Frameworks */,
				8EECF4371C9C6A3E00D93C62 /* Resources */,
				4D95718EC9BFFE269CB88CF2 /* Embed Pods Frameworks */,
				4E2F1D14512BB1AAE711A4FA /* Copy Pods Resources */,
			);
			buildRules = (
			);
			dependencies = (
			);
			name = "Book Swap";
			productName = "Book Swap";
			productReference = 8EECF4391C9C6A3E00D93C62 /* Book Swap.app */;
			productType = "com.apple.product-type.application";
		};
/* End PBXNativeTarget section */

/* Begin PBXProject section */
		8EECF4311C9C6A3E00D93C62 /* Project object */ = {
			isa = PBXProject;
			attributes = {
				LastSwiftUpdateCheck = 0720;
				LastUpgradeCheck = 0720;
				ORGANIZATIONNAME = "Book Swap Team";
				TargetAttributes = {
					8EECF4381C9C6A3E00D93C62 = {
						CreatedOnToolsVersion = 7.2.1;
						DevelopmentTeam = E2DCV8W7B9;
					};
				};
			};
			buildConfigurationList = 8EECF4341C9C6A3E00D93C62 /* Build configuration list for PBXProject "Book Swap" */;
			compatibilityVersion = "Xcode 3.2";
			developmentRegion = English;
			hasScannedForEncodings = 0;
			knownRegions = (
				en,
				Base,
			);
			mainGroup = 8EECF4301C9C6A3E00D93C62;
			productRefGroup = 8EECF43A1C9C6A3E00D93C62 /* Products */;
			projectDirPath = "";
			projectRoot = "";
			targets = (
				8EECF4381C9C6A3E00D93C62 /* Book Swap */,
			);
		};
/* End PBXProject section */

/* Begin PBXResourcesBuildPhase section */
		8EECF4371C9C6A3E00D93C62 /* Resources */ = {
			isa = PBXResourcesBuildPhase;
			buildActionMask = 2147483647;
			files = (
				8EECF4471C9C6A3F00D93C62 /* LaunchScreen.storyboard in Resources */,
				E25DE69C1C9C73CC00EEDCD4 /* Wanted.storyboard in Resources */,
				E25DE6B01C9C755100EEDCD4 /* Profile.storyboard in Resources */,
				E25DE6C01C9C8E7700EEDCD4 /* BookTinderTabView.xib in Resources */,
				E25DE6AD1C9C752A00EEDCD4 /* Match.storyboard in Resources */,
				E25DE6BB1C9C8AE300EEDCD4 /* BookOverlayView.xib in Resources */,
				E25DE6951C9C735900EEDCD4 /* MyBooks.storyboard in Resources */,
				8E31671E1C9C83A6001A20E6 /* Localizable.strings in Resources */,
				8EECF4441C9C6A3F00D93C62 /* Assets.xcassets in Resources */,
				8EECF4421C9C6A3F00D93C62 /* Main.storyboard in Resources */,
				E25DE6A11C9C748700EEDCD4 /* Swap.storyboard in Resources */,
				8E3167121C9C7A6E001A20E6 /* Login.storyboard in Resources */,
				8E3167201C9C8D55001A20E6 /* colors.txt in Resources */,
				8E31672D1C9CA9E4001A20E6 /* BookCollectionViewCell.xib in Resources */,
			);
			runOnlyForDeploymentPostprocessing = 0;
		};
/* End PBXResourcesBuildPhase section */

/* Begin PBXShellScriptBuildPhase section */
		4D95718EC9BFFE269CB88CF2 /* Embed Pods Frameworks */ = {
			isa = PBXShellScriptBuildPhase;
			buildActionMask = 2147483647;
			files = (
			);
			inputPaths = (
			);
			name = "Embed Pods Frameworks";
			outputPaths = (
			);
			runOnlyForDeploymentPostprocessing = 0;
			shellPath = /bin/sh;
			shellScript = "\"${SRCROOT}/Pods/Target Support Files/Pods/Pods-frameworks.sh\"\n";
			showEnvVarsInLog = 0;
		};
		4E2F1D14512BB1AAE711A4FA /* Copy Pods Resources */ = {
			isa = PBXShellScriptBuildPhase;
			buildActionMask = 2147483647;
			files = (
			);
			inputPaths = (
			);
			name = "Copy Pods Resources";
			outputPaths = (
			);
			runOnlyForDeploymentPostprocessing = 0;
			shellPath = /bin/sh;
			shellScript = "\"${SRCROOT}/Pods/Target Support Files/Pods/Pods-resources.sh\"\n";
			showEnvVarsInLog = 0;
		};
		84A4C345DB2A813F3D8A9D56 /* Check Pods Manifest.lock */ = {
			isa = PBXShellScriptBuildPhase;
			buildActionMask = 2147483647;
			files = (
			);
			inputPaths = (
			);
			name = "Check Pods Manifest.lock";
			outputPaths = (
			);
			runOnlyForDeploymentPostprocessing = 0;
			shellPath = /bin/sh;
			shellScript = "diff \"${PODS_ROOT}/../Podfile.lock\" \"${PODS_ROOT}/Manifest.lock\" > /dev/null\nif [[ $? != 0 ]] ; then\n    cat << EOM\nerror: The sandbox is not in sync with the Podfile.lock. Run 'pod install' or update your CocoaPods installation.\nEOM\n    exit 1\nfi\n";
			showEnvVarsInLog = 0;
		};
/* End PBXShellScriptBuildPhase section */

/* Begin PBXSourcesBuildPhase section */
		8EECF4351C9C6A3E00D93C62 /* Sources */ = {
			isa = PBXSourcesBuildPhase;
			buildActionMask = 2147483647;
			files = (
				E25DE6AB1C9C752300EEDCD4 /* MatchViewController.swift in Sources */,
				8E3167161C9C7B89001A20E6 /* UserViewModel.swift in Sources */,
				8E3167241C9C96A1001A20E6 /* AuthorModel.swift in Sources */,
				8E31671B1C9C7D21001A20E6 /* Constans.swift in Sources */,
				8E3167141C9C7B78001A20E6 /* UserModel.swift in Sources */,
				E25DE6B91C9C8ABE00EEDCD4 /* BookOverlayView.swift in Sources */,
				E25DE6B41C9C756A00EEDCD4 /* ProfileNavigationController.swift in Sources */,
				8E3167221C9C9568001A20E6 /* BookModel.swift in Sources */,
				8E12B2E61C9C77A700CD574F /* ColorsGen.swift in Sources */,
				8E31672C1C9CA9E4001A20E6 /* BookCollectionViewCell.swift in Sources */,
				8E3167191C9C7C29001A20E6 /* NetworkHelper.swift in Sources */,
				E25DE68F1C9C730500EEDCD4 /* BSViewController.swift in Sources */,
				8E31670E1C9C7A35001A20E6 /* LoginViewController.swift in Sources */,
				8EDC2E4D1C9CD14E009E643B /* AddBookViewController.swift in Sources */,
				E25DE6A31C9C749400EEDCD4 /* SwapViewController.swift in Sources */,
				E25DE68D1C9C72F600EEDCD4 /* BSNavigationController.swift in Sources */,
				E25DE6C41C9CD6CA00EEDCD4 /* String+Double.swift in Sources */,
				E25DE6981C9C73B100EEDCD4 /* WantedNavigationController.swift in Sources */,
				8E3167261C9C972F001A20E6 /* BookViewModel.swift in Sources */,
				E25DE6BE1C9C8E6700EEDCD4 /* BookTinderTabView.swift in Sources */,
				E25DE68A1C9C718400EEDCD4 /* MainTabBarViewController.swift in Sources */,
				8EECF43D1C9C6A3E00D93C62 /* AppDelegate.swift in Sources */,
				8E3167301C9CAA23001A20E6 /* UIView+Identifier.swift in Sources */,
				E25DE6A51C9C74A600EEDCD4 /* SwapNavigationController.swift in Sources */,
				8E3167281C9C9C4D001A20E6 /* ErrorHelper.swift in Sources */,
				8E3167101C9C7A60001A20E6 /* LoginNavigationController.swift in Sources */,
				8E12B2E71C9C77A700CD574F /* ImagesGen.swift in Sources */,
				8E12B2E91C9C77A700CD574F /* StringsGen.swift in Sources */,
				8EDC2E4F1C9CE3C0009E643B /* MatchModel.swift in Sources */,
				E25DE6931C9C734C00EEDCD4 /* MyBooksNavigationController.swift in Sources */,
				E25DE6911C9C732C00EEDCD4 /* MyBooksViewController.swift in Sources */,
				E25DE6B21C9C755C00EEDCD4 /* ProfileViewController.swift in Sources */,
				8EDC2E511C9CE476009E643B /* MatchViewModel.swift in Sources */,
				E25DE6C21C9CA7FF00EEDCD4 /* Appearance.swift in Sources */,
				E25DE6A91C9C751700EEDCD4 /* MatchNavigationController.swift in Sources */,
				E25DE6B61C9C854100EEDCD4 /* BookKolodaView.swift in Sources */,
				8EDC2E4B1C9CD12E009E643B /* AddBookNavigationController.swift in Sources */,
				8E9860091C9CC83700E9B4F4 /* GradientView.swift in Sources */,
				E25DE69A1C9C73C100EEDCD4 /* WantedViewController.swift in Sources */,
				8E12B2E81C9C77A700CD574F /* StoryboardsGen.swift in Sources */,
			);
			runOnlyForDeploymentPostprocessing = 0;
		};
/* End PBXSourcesBuildPhase section */

/* Begin PBXVariantGroup section */
		8E31671C1C9C83A6001A20E6 /* Localizable.strings */ = {
			isa = PBXVariantGroup;
			children = (
				8E31671D1C9C83A6001A20E6 /* Base */,
			);
			name = Localizable.strings;
			sourceTree = "<group>";
		};
		8EECF4401C9C6A3F00D93C62 /* Main.storyboard */ = {
			isa = PBXVariantGroup;
			children = (
				8EECF4411C9C6A3F00D93C62 /* Base */,
			);
			name = Main.storyboard;
			sourceTree = "<group>";
		};
		8EECF4451C9C6A3F00D93C62 /* LaunchScreen.storyboard */ = {
			isa = PBXVariantGroup;
			children = (
				8EECF4461C9C6A3F00D93C62 /* Base */,
			);
			name = LaunchScreen.storyboard;
			sourceTree = "<group>";
		};
/* End PBXVariantGroup section */

/* Begin XCBuildConfiguration section */
		8EECF4491C9C6A3F00D93C62 /* Debug */ = {
			isa = XCBuildConfiguration;
			buildSettings = {
				ALWAYS_SEARCH_USER_PATHS = NO;
				CLANG_CXX_LANGUAGE_STANDARD = "gnu++0x";
				CLANG_CXX_LIBRARY = "libc++";
				CLANG_ENABLE_MODULES = YES;
				CLANG_ENABLE_OBJC_ARC = YES;
				CLANG_WARN_BOOL_CONVERSION = YES;
				CLANG_WARN_CONSTANT_CONVERSION = YES;
				CLANG_WARN_DIRECT_OBJC_ISA_USAGE = YES_ERROR;
				CLANG_WARN_EMPTY_BODY = YES;
				CLANG_WARN_ENUM_CONVERSION = YES;
				CLANG_WARN_INT_CONVERSION = YES;
				CLANG_WARN_OBJC_ROOT_CLASS = YES_ERROR;
				CLANG_WARN_UNREACHABLE_CODE = YES;
				CLANG_WARN__DUPLICATE_METHOD_MATCH = YES;
				"CODE_SIGN_IDENTITY[sdk=iphoneos*]" = "iPhone Developer";
				COPY_PHASE_STRIP = NO;
				DEBUG_INFORMATION_FORMAT = dwarf;
				ENABLE_STRICT_OBJC_MSGSEND = YES;
				ENABLE_TESTABILITY = YES;
				GCC_C_LANGUAGE_STANDARD = gnu99;
				GCC_DYNAMIC_NO_PIC = NO;
				GCC_NO_COMMON_BLOCKS = YES;
				GCC_OPTIMIZATION_LEVEL = 0;
				GCC_PREPROCESSOR_DEFINITIONS = (
					"DEBUG=1",
					"$(inherited)",
				);
				GCC_WARN_64_TO_32_BIT_CONVERSION = YES;
				GCC_WARN_ABOUT_RETURN_TYPE = YES_ERROR;
				GCC_WARN_UNDECLARED_SELECTOR = YES;
				GCC_WARN_UNINITIALIZED_AUTOS = YES_AGGRESSIVE;
				GCC_WARN_UNUSED_FUNCTION = YES;
				GCC_WARN_UNUSED_VARIABLE = YES;
				IPHONEOS_DEPLOYMENT_TARGET = 9.2;
				MTL_ENABLE_DEBUG_INFO = YES;
				ONLY_ACTIVE_ARCH = YES;
				SDKROOT = iphoneos;
				SWIFT_OPTIMIZATION_LEVEL = "-Onone";
			};
			name = Debug;
		};
		8EECF44A1C9C6A3F00D93C62 /* Release */ = {
			isa = XCBuildConfiguration;
			buildSettings = {
				ALWAYS_SEARCH_USER_PATHS = NO;
				CLANG_CXX_LANGUAGE_STANDARD = "gnu++0x";
				CLANG_CXX_LIBRARY = "libc++";
				CLANG_ENABLE_MODULES = YES;
				CLANG_ENABLE_OBJC_ARC = YES;
				CLANG_WARN_BOOL_CONVERSION = YES;
				CLANG_WARN_CONSTANT_CONVERSION = YES;
				CLANG_WARN_DIRECT_OBJC_ISA_USAGE = YES_ERROR;
				CLANG_WARN_EMPTY_BODY = YES;
				CLANG_WARN_ENUM_CONVERSION = YES;
				CLANG_WARN_INT_CONVERSION = YES;
				CLANG_WARN_OBJC_ROOT_CLASS = YES_ERROR;
				CLANG_WARN_UNREACHABLE_CODE = YES;
				CLANG_WARN__DUPLICATE_METHOD_MATCH = YES;
				"CODE_SIGN_IDENTITY[sdk=iphoneos*]" = "iPhone Developer";
				COPY_PHASE_STRIP = NO;
				DEBUG_INFORMATION_FORMAT = "dwarf-with-dsym";
				ENABLE_NS_ASSERTIONS = NO;
				ENABLE_STRICT_OBJC_MSGSEND = YES;
				GCC_C_LANGUAGE_STANDARD = gnu99;
				GCC_NO_COMMON_BLOCKS = YES;
				GCC_WARN_64_TO_32_BIT_CONVERSION = YES;
				GCC_WARN_ABOUT_RETURN_TYPE = YES_ERROR;
				GCC_WARN_UNDECLARED_SELECTOR = YES;
				GCC_WARN_UNINITIALIZED_AUTOS = YES_AGGRESSIVE;
				GCC_WARN_UNUSED_FUNCTION = YES;
				GCC_WARN_UNUSED_VARIABLE = YES;
				IPHONEOS_DEPLOYMENT_TARGET = 9.2;
				MTL_ENABLE_DEBUG_INFO = NO;
				SDKROOT = iphoneos;
				VALIDATE_PRODUCT = YES;
			};
			name = Release;
		};
		8EECF44C1C9C6A3F00D93C62 /* Debug */ = {
			isa = XCBuildConfiguration;
			baseConfigurationReference = 4268AC4CAAEAF45DC45AD420 /* Pods.debug.xcconfig */;
			buildSettings = {
				ASSETCATALOG_COMPILER_APPICON_NAME = AppIcon;
				CODE_SIGN_IDENTITY = "iPhone Developer";
				INFOPLIST_FILE = "Book Swap/Info.plist";
				LD_RUNPATH_SEARCH_PATHS = "$(inherited) @executable_path/Frameworks";
				PRODUCT_BUNDLE_IDENTIFIER = "com.bookswap.Book-Swap";
				PRODUCT_NAME = "$(TARGET_NAME)";
				PROVISIONING_PROFILE = "b4a40f82-0d14-4c9b-9730-def37e0dfcde";
			};
			name = Debug;
		};
		8EECF44D1C9C6A3F00D93C62 /* Release */ = {
			isa = XCBuildConfiguration;
			baseConfigurationReference = 47FBB4FDF9DED4F49251A6B9 /* Pods.release.xcconfig */;
			buildSettings = {
				ASSETCATALOG_COMPILER_APPICON_NAME = AppIcon;
				CODE_SIGN_IDENTITY = "iPhone Developer";
				INFOPLIST_FILE = "Book Swap/Info.plist";
				LD_RUNPATH_SEARCH_PATHS = "$(inherited) @executable_path/Frameworks";
				PRODUCT_BUNDLE_IDENTIFIER = "com.bookswap.Book-Swap";
				PRODUCT_NAME = "$(TARGET_NAME)";
			};
			name = Release;
		};
/* End XCBuildConfiguration section */

/* Begin XCConfigurationList section */
		8EECF4341C9C6A3E00D93C62 /* Build configuration list for PBXProject "Book Swap" */ = {
			isa = XCConfigurationList;
			buildConfigurations = (
				8EECF4491C9C6A3F00D93C62 /* Debug */,
				8EECF44A1C9C6A3F00D93C62 /* Release */,
			);
			defaultConfigurationIsVisible = 0;
			defaultConfigurationName = Release;
		};
		8EECF44B1C9C6A3F00D93C62 /* Build configuration list for PBXNativeTarget "Book Swap" */ = {
			isa = XCConfigurationList;
			buildConfigurations = (
				8EECF44C1C9C6A3F00D93C62 /* Debug */,
				8EECF44D1C9C6A3F00D93C62 /* Release */,
			);
			defaultConfigurationIsVisible = 0;
			defaultConfigurationName = Release;
		};
/* End XCConfigurationList section */
	};
	rootObject = 8EECF4311C9C6A3E00D93C62 /* Project object */;
}
